
Microsoft Visual Studio Solution File, Format Version 12.00
# Visual Studio Version 17
VisualStudioVersion = 17.8.34330.188
MinimumVisualStudioVersion = 10.0.40219.1
Project("{FAE04EC0-301F-11D3-BF4B-00C04F79EFBC}") = "EstoqueControle", "EstoqueControle.csproj", "{32D5AB4B-6185-4E97-AE8D-7CC47E03DF2C}"
EndProject
Global
	GlobalSection(SolutionConfigurationPlatforms) = preSolution
		Debug|Any CPU = Debug|Any CPU
		Release|Any CPU = Release|Any CPU
	EndGlobalSection
	GlobalSection(ProjectConfigurationPlatforms) = postSolution
		{32D5AB4B-6185-4E97-AE8D-7CC47E03DF2C}.Debug|Any CPU.ActiveCfg = Debug|Any CPU
		{32D5AB4B-6185-4E97-AE8D-7CC47E03DF2C}.Debug|Any CPU.Build.0 = Debug|Any CPU
		{32D5AB4B-6185-4E97-AE8D-7CC47E03DF2C}.Release|Any CPU.ActiveCfg = Release|Any CPU
		{32D5AB4B-6185-4E97-AE8D-7CC47E03DF2C}.Release|Any CPU.Build.0 = Release|Any CPU
	EndGlobalSection
	GlobalSection(SolutionProperties) = preSolution
		HideSolutionNode = FALSE
	EndGlobalSection
	GlobalSection(ExtensibilityGlobals) = postSolution
		SolutionGuid = {1DA4D04C-C7F1-41FF-8A49-771B2A970DBE}
	EndGlobalSection
EndGlobal
